
Microsoft Visual Studio Solution File, Format Version 12.00
# Visual Studio Version 17
VisualStudioVersion = 17.13.35931.197
MinimumVisualStudioVersion = 10.0.40219.1
Project("{FAE04EC0-301F-11D3-BF4B-00C04F79EFBC}") = "LabProject.Presentation", "LabProject\LabProject.Presentation.csproj", "{7748C59F-AE1F-43C9-9312-943585F19323}"
EndProject
Project("{FAE04EC0-301F-11D3-BF4B-00C04F79EFBC}") = "LabProject.Application", "LabProject.Application\LabProject.Application.csproj", "{10D422F9-D48E-47AC-84EE-93DFB5D2EE36}"
EndProject
Project("{FAE04EC0-301F-11D3-BF4B-00C04F79EFBC}") = "LabProject.Domain", "LabProject.Core\LabProject.Domain.csproj", "{064763CA-A0A5-44BD-9DA8-D720BF596068}"
EndProject
Project("{FAE04EC0-301F-11D3-BF4B-00C04F79EFBC}") = "LabProject.Infrastructure", "LabProject.Infrastructure\LabProject.Infrastructure.csproj", "{72AFA4AA-E26E-45C9-A7A8-419B23697396}"
EndProject
Global
	GlobalSection(SolutionConfigurationPlatforms) = preSolution
		Debug|Any CPU = Debug|Any CPU
		Release|Any CPU = Release|Any CPU
	EndGlobalSection
	GlobalSection(ProjectConfigurationPlatforms) = postSolution
		{7748C59F-AE1F-43C9-9312-943585F19323}.Debug|Any CPU.ActiveCfg = Debug|Any CPU
		{7748C59F-AE1F-43C9-9312-943585F19323}.Debug|Any CPU.Build.0 = Debug|Any CPU
		{7748C59F-AE1F-43C9-9312-943585F19323}.Release|Any CPU.ActiveCfg = Release|Any CPU
		{7748C59F-AE1F-43C9-9312-943585F19323}.Release|Any CPU.Build.0 = Release|Any CPU
		{10D422F9-D48E-47AC-84EE-93DFB5D2EE36}.Debug|Any CPU.ActiveCfg = Debug|Any CPU
		{10D422F9-D48E-47AC-84EE-93DFB5D2EE36}.Debug|Any CPU.Build.0 = Debug|Any CPU
		{10D422F9-D48E-47AC-84EE-93DFB5D2EE36}.Release|Any CPU.ActiveCfg = Release|Any CPU
		{10D422F9-D48E-47AC-84EE-93DFB5D2EE36}.Release|Any CPU.Build.0 = Release|Any CPU
		{064763CA-A0A5-44BD-9DA8-D720BF596068}.Debug|Any CPU.ActiveCfg = Debug|Any CPU
		{064763CA-A0A5-44BD-9DA8-D720BF596068}.Debug|Any CPU.Build.0 = Debug|Any CPU
		{064763CA-A0A5-44BD-9DA8-D720BF596068}.Release|Any CPU.ActiveCfg = Release|Any CPU
		{064763CA-A0A5-44BD-9DA8-D720BF596068}.Release|Any CPU.Build.0 = Release|Any CPU
		{72AFA4AA-E26E-45C9-A7A8-419B23697396}.Debug|Any CPU.ActiveCfg = Debug|Any CPU
		{72AFA4AA-E26E-45C9-A7A8-419B23697396}.Debug|Any CPU.Build.0 = Debug|Any CPU
		{72AFA4AA-E26E-45C9-A7A8-419B23697396}.Release|Any CPU.ActiveCfg = Release|Any CPU
		{72AFA4AA-E26E-45C9-A7A8-419B23697396}.Release|Any CPU.Build.0 = Release|Any CPU
	EndGlobalSection
	GlobalSection(SolutionProperties) = preSolution
		HideSolutionNode = FALSE
	EndGlobalSection
	GlobalSection(ExtensibilityGlobals) = postSolution
		SolutionGuid = {FB6E990A-35EE-496D-A9DC-13ABA2ABF32F}
	EndGlobalSection
EndGlobal
